
Microsoft Visual Studio Solution File, Format Version 12.00
# Visual Studio Version 17
VisualStudioVersion = 17.0.31903.59
MinimumVisualStudioVersion = 10.0.40219.1
Project("{2150E333-8FDC-42A3-9474-1A3956D46DE8}") = "Src", "Src", "{B2B639F4-0BAC-4A28-8AF0-9543B114C3EF}"
EndProject
Project("{2150E333-8FDC-42A3-9474-1A3956D46DE8}") = "Core", "Core", "{37D7AAF4-B8F2-4C49-B0A4-F0A5D4A731E5}"
EndProject
Project("{2150E333-8FDC-42A3-9474-1A3956D46DE8}") = "Presenters", "Presenters", "{BDB5D347-76F6-4FB1-B57E-CD4977A6F679}"
EndProject
Project("{2150E333-8FDC-42A3-9474-1A3956D46DE8}") = "Infrastructure", "Infrastructure", "{7503C003-2119-4ED0-9F29-B3B16EDC5133}"
EndProject
Project("{9A19103F-16F7-4668-BE54-9A1E7A4F7556}") = "Domain", "Src\Core\Domain\Domain.csproj", "{63A2B8A7-D083-47F0-B8A4-60C28B954E7D}"
EndProject
Project("{2150E333-8FDC-42A3-9474-1A3956D46DE8}") = "application", "application", "{19AE2D27-A826-4192-8058-9E5DE94D30E7}"
EndProject
Project("{9A19103F-16F7-4668-BE54-9A1E7A4F7556}") = "DTO", "Src\Application\DTO\DTO.csproj", "{4E4ABB95-56D4-4866-89FA-D2508FBC5A05}"
EndProject
Project("{9A19103F-16F7-4668-BE54-9A1E7A4F7556}") = "Application", "Src\Application\Application\Application.csproj", "{FD4E2EE7-8CC8-400C-A7E3-0E5F7B61E348}"
EndProject
Project("{9A19103F-16F7-4668-BE54-9A1E7A4F7556}") = "Infra.EF", "Src\Infrastructure\Infra.EF\Infra.EF.csproj", "{6B494941-7E14-42BC-A318-4EC727F71C40}"
EndProject
Project("{9A19103F-16F7-4668-BE54-9A1E7A4F7556}") = "FileApi", "Src\Presenter\FileApi\FileApi.csproj", "{101B8D14-A15A-453C-9FC3-DA4B52E634C6}"
EndProject
Project("{9A19103F-16F7-4668-BE54-9A1E7A4F7556}") = "Application.Contracts", "Src\Application\Application.Contracts\Application.Contracts.csproj", "{A48698B6-E4F0-4A21-AC48-307F99D6592A}"
EndProject
Project("{FAE04EC0-301F-11D3-BF4B-00C04F79EFBC}") = "Infra.Dapper", "Src\Infrastructure\Infra.Dapper\Infra.Dapper.csproj", "{BAFAA9C5-5DEE-4639-B24D-85DB26895930}"
EndProject
Global
	GlobalSection(SolutionConfigurationPlatforms) = preSolution
		Debug|Any CPU = Debug|Any CPU
		Release|Any CPU = Release|Any CPU
	EndGlobalSection
	GlobalSection(ProjectConfigurationPlatforms) = postSolution
		{63A2B8A7-D083-47F0-B8A4-60C28B954E7D}.Debug|Any CPU.ActiveCfg = Debug|Any CPU
		{63A2B8A7-D083-47F0-B8A4-60C28B954E7D}.Debug|Any CPU.Build.0 = Debug|Any CPU
		{63A2B8A7-D083-47F0-B8A4-60C28B954E7D}.Release|Any CPU.ActiveCfg = Release|Any CPU
		{63A2B8A7-D083-47F0-B8A4-60C28B954E7D}.Release|Any CPU.Build.0 = Release|Any CPU
		{4E4ABB95-56D4-4866-89FA-D2508FBC5A05}.Debug|Any CPU.ActiveCfg = Debug|Any CPU
		{4E4ABB95-56D4-4866-89FA-D2508FBC5A05}.Debug|Any CPU.Build.0 = Debug|Any CPU
		{4E4ABB95-56D4-4866-89FA-D2508FBC5A05}.Release|Any CPU.ActiveCfg = Release|Any CPU
		{4E4ABB95-56D4-4866-89FA-D2508FBC5A05}.Release|Any CPU.Build.0 = Release|Any CPU
		{FD4E2EE7-8CC8-400C-A7E3-0E5F7B61E348}.Debug|Any CPU.ActiveCfg = Debug|Any CPU
		{FD4E2EE7-8CC8-400C-A7E3-0E5F7B61E348}.Debug|Any CPU.Build.0 = Debug|Any CPU
		{FD4E2EE7-8CC8-400C-A7E3-0E5F7B61E348}.Release|Any CPU.ActiveCfg = Release|Any CPU
		{FD4E2EE7-8CC8-400C-A7E3-0E5F7B61E348}.Release|Any CPU.Build.0 = Release|Any CPU
		{6B494941-7E14-42BC-A318-4EC727F71C40}.Debug|Any CPU.ActiveCfg = Debug|Any CPU
		{6B494941-7E14-42BC-A318-4EC727F71C40}.Debug|Any CPU.Build.0 = Debug|Any CPU
		{6B494941-7E14-42BC-A318-4EC727F71C40}.Release|Any CPU.ActiveCfg = Release|Any CPU
		{6B494941-7E14-42BC-A318-4EC727F71C40}.Release|Any CPU.Build.0 = Release|Any CPU
		{101B8D14-A15A-453C-9FC3-DA4B52E634C6}.Debug|Any CPU.ActiveCfg = Debug|Any CPU
		{101B8D14-A15A-453C-9FC3-DA4B52E634C6}.Debug|Any CPU.Build.0 = Debug|Any CPU
		{101B8D14-A15A-453C-9FC3-DA4B52E634C6}.Release|Any CPU.ActiveCfg = Release|Any CPU
		{101B8D14-A15A-453C-9FC3-DA4B52E634C6}.Release|Any CPU.Build.0 = Release|Any CPU
		{A48698B6-E4F0-4A21-AC48-307F99D6592A}.Debug|Any CPU.ActiveCfg = Debug|Any CPU
		{A48698B6-E4F0-4A21-AC48-307F99D6592A}.Debug|Any CPU.Build.0 = Debug|Any CPU
		{A48698B6-E4F0-4A21-AC48-307F99D6592A}.Release|Any CPU.ActiveCfg = Release|Any CPU
		{A48698B6-E4F0-4A21-AC48-307F99D6592A}.Release|Any CPU.Build.0 = Release|Any CPU
		{BAFAA9C5-5DEE-4639-B24D-85DB26895930}.Debug|Any CPU.ActiveCfg = Debug|Any CPU
		{BAFAA9C5-5DEE-4639-B24D-85DB26895930}.Debug|Any CPU.Build.0 = Debug|Any CPU
		{BAFAA9C5-5DEE-4639-B24D-85DB26895930}.Release|Any CPU.ActiveCfg = Release|Any CPU
		{BAFAA9C5-5DEE-4639-B24D-85DB26895930}.Release|Any CPU.Build.0 = Release|Any CPU
	EndGlobalSection
	GlobalSection(SolutionProperties) = preSolution
		HideSolutionNode = FALSE
	EndGlobalSection
	GlobalSection(NestedProjects) = preSolution
		{37D7AAF4-B8F2-4C49-B0A4-F0A5D4A731E5} = {B2B639F4-0BAC-4A28-8AF0-9543B114C3EF}
		{BDB5D347-76F6-4FB1-B57E-CD4977A6F679} = {B2B639F4-0BAC-4A28-8AF0-9543B114C3EF}
		{7503C003-2119-4ED0-9F29-B3B16EDC5133} = {B2B639F4-0BAC-4A28-8AF0-9543B114C3EF}
		{63A2B8A7-D083-47F0-B8A4-60C28B954E7D} = {37D7AAF4-B8F2-4C49-B0A4-F0A5D4A731E5}
		{19AE2D27-A826-4192-8058-9E5DE94D30E7} = {B2B639F4-0BAC-4A28-8AF0-9543B114C3EF}
		{4E4ABB95-56D4-4866-89FA-D2508FBC5A05} = {19AE2D27-A826-4192-8058-9E5DE94D30E7}
		{FD4E2EE7-8CC8-400C-A7E3-0E5F7B61E348} = {19AE2D27-A826-4192-8058-9E5DE94D30E7}
		{6B494941-7E14-42BC-A318-4EC727F71C40} = {7503C003-2119-4ED0-9F29-B3B16EDC5133}
		{101B8D14-A15A-453C-9FC3-DA4B52E634C6} = {BDB5D347-76F6-4FB1-B57E-CD4977A6F679}
		{A48698B6-E4F0-4A21-AC48-307F99D6592A} = {19AE2D27-A826-4192-8058-9E5DE94D30E7}
		{BAFAA9C5-5DEE-4639-B24D-85DB26895930} = {7503C003-2119-4ED0-9F29-B3B16EDC5133}
	EndGlobalSection
	GlobalSection(ExtensibilityGlobals) = postSolution
		SolutionGuid = {7D58D4E0-4108-4C7D-B366-FDF629D84225}
	EndGlobalSection
EndGlobal
